<?xml version="1.0" encoding="utf-8"?>
<Project xmlns="http://schemas.microsoft.com/developer/msbuild/2003">
  <PropertyGroup>
    <ProjectGuid>{5d87b3ea-9188-45dc-8e0c-2c13bdd84298}</ProjectGuid>
    <MainSource>prjSO62M0A.dpr</MainSource>
    <Configuration Condition=" '$(Configuration)' == '' ">Debug</Configuration>
    <Platform Condition=" '$(Platform)' == '' ">AnyCPU</Platform>
    <DCC_DCCCompiler>DCC32</DCC_DCCCompiler>
    <DCC_DependencyCheckOutputName>..\Bin\prjSO62M0A.exe</DCC_DependencyCheckOutputName>
  </PropertyGroup>
  <PropertyGroup Condition=" '$(Configuration)|$(Platform)' == 'Release|AnyCPU' ">
    <Version>7.0</Version>
    <DCC_DebugInformation>False</DCC_DebugInformation>
    <DCC_LocalDebugSymbols>False</DCC_LocalDebugSymbols>
    <DCC_Optimize>False</DCC_Optimize>
    <DCC_IntegerOverflowCheck>True</DCC_IntegerOverflowCheck>
    <DCC_RangeChecking>True</DCC_RangeChecking>
    <DCC_SymbolReferenceInfo>0</DCC_SymbolReferenceInfo>
    <DCC_ExeOutput>..\..\Bin</DCC_ExeOutput>
    <DCC_DcuOutput>D:\Temp\Dcu</DCC_DcuOutput>
    <DCC_ObjOutput>D:\Temp\Dcu</DCC_ObjOutput>
    <DCC_HppOutput>D:\Temp\Dcu</DCC_HppOutput>
    <DCC_Define>RELEASE</DCC_Define>
  </PropertyGroup>
  <PropertyGroup Condition=" '$(Configuration)|$(Platform)' == 'Debug|AnyCPU' ">
    <Version>7.0</Version>
    <DCC_Optimize>False</DCC_Optimize>
    <DCC_IntegerOverflowCheck>True</DCC_IntegerOverflowCheck>
    <DCC_RangeChecking>True</DCC_RangeChecking>
    <DCC_ExeOutput>..\Bin</DCC_ExeOutput>
    <DCC_DcuOutput>D:\Temp\Dcu</DCC_DcuOutput>
    <DCC_ObjOutput>D:\Temp\Dcu</DCC_ObjOutput>
    <DCC_HppOutput>D:\Temp\Dcu</DCC_HppOutput>
    <DCC_Define>DEBUG</DCC_Define>
  </PropertyGroup>
  <ProjectExtensions>
    <Borland.Personality>Delphi.Personality</Borland.Personality>
    <Borland.ProjectType>VCLApplication</Borland.ProjectType>
    <BorlandProject>
<BorlandProject><Delphi.Personality><Parameters><Parameters Name="RunParams">N A 廖聰盛 7 開博 cctv cctv NICK C</Parameters><Parameters Name="UseLauncher">False</Parameters><Parameters Name="LoadAllSymbols">True</Parameters><Parameters Name="LoadUnspecifiedSymbols">False</Parameters></Parameters><VersionInfo><VersionInfo Name="IncludeVerInfo">False</VersionInfo><VersionInfo Name="AutoIncBuild">False</VersionInfo><VersionInfo Name="MajorVer">1</VersionInfo><VersionInfo Name="MinorVer">0</VersionInfo><VersionInfo Name="Release">0</VersionInfo><VersionInfo Name="Build">0</VersionInfo><VersionInfo Name="Debug">False</VersionInfo><VersionInfo Name="PreRelease">False</VersionInfo><VersionInfo Name="Special">False</VersionInfo><VersionInfo Name="Private">False</VersionInfo><VersionInfo Name="DLL">False</VersionInfo><VersionInfo Name="Locale">1028</VersionInfo><VersionInfo Name="CodePage">950</VersionInfo></VersionInfo><VersionInfoKeys><VersionInfoKeys Name="CompanyName"></VersionInfoKeys><VersionInfoKeys Name="FileDescription"></VersionInfoKeys><VersionInfoKeys Name="FileVersion">1.0.0.0</VersionInfoKeys><VersionInfoKeys Name="InternalName"></VersionInfoKeys><VersionInfoKeys Name="LegalCopyright"></VersionInfoKeys><VersionInfoKeys Name="LegalTrademarks"></VersionInfoKeys><VersionInfoKeys Name="OriginalFilename"></VersionInfoKeys><VersionInfoKeys Name="ProductName"></VersionInfoKeys><VersionInfoKeys Name="ProductVersion">1.0.0.0</VersionInfoKeys><VersionInfoKeys Name="Comments"></VersionInfoKeys></VersionInfoKeys><Source><Source Name="MainSource">prjSO62M0A.dpr</Source></Source></Delphi.Personality><ModelSupport>False</ModelSupport></BorlandProject></BorlandProject>
  </ProjectExtensions>
  <Import Project="$(MSBuildBinPath)\Borland.Delphi.Targets" />
  <ItemGroup>
    <DelphiCompile Include="prjSO62M0A.dpr">
      <MainSource>MainSource</MainSource>
    </DelphiCompile>
    <DCCReference Include="cbDataLookup.pas">
      <Form>DataLookup</Form>
      <DesignClass>TFrame</DesignClass>
    </DCCReference>
    <DCCReference Include="cbDBController.pas">
      <Form>DBController</Form>
      <DesignClass>TDataModule</DesignClass>
    </DCCReference>
    <DCCReference Include="cbStyleController.pas">
      <Form>StyleController</Form>
      <DesignClass>TDataModule</DesignClass>
    </DCCReference>
    <DCCReference Include="frmCD078B0U.pas">
      <Form>frmCD078B0</Form>
    </DCCReference>
    <DCCReference Include="frmCD078B1U.pas">
      <Form>frmCD078B1</Form>
    </DCCReference>
    <DCCReference Include="frmCD078B2U.pas">
      <Form>frmCD078B2</Form>
    </DCCReference>
    <DCCReference Include="frmCD078B3U.pas">
      <Form>frmCD078B3</Form>
    </DCCReference>
    <DCCReference Include="frmCD078B3_1U.pas">
      <Form>frmCD078B3_1</Form>
    </DCCReference>
    <DCCReference Include="frmCD078B3_2U.pas">
      <Form>frmCD078B3_2</Form>
    </DCCReference>
    <DCCReference Include="frmCD078B3_3U.pas">
      <Form>frmCD078B3_3</Form>
    </DCCReference>
    <DCCReference Include="frmCD078B3_4U.pas">
      <Form>frmCD078B3_4</Form>
    </DCCReference>
    <DCCReference Include="frmCD078B3_5U.pas">
      <Form>frmCD078B3_5</Form>
    </DCCReference>
    <DCCReference Include="frmCD078B4U.pas">
      <Form>frmCD078B4</Form>
    </DCCReference>
    <DCCReference Include="frmCD078B4_1U.pas">
      <Form>frmCD078B4_1</Form>
    </DCCReference>
    <DCCReference Include="frmCD078B5U.pas">
      <Form>frmCD078B5</Form>
    </DCCReference>
    <DCCReference Include="frmCD078B8U.pas">
      <Form>frmCD078B8</Form>
    </DCCReference>
    <DCCReference Include="frmCD078B9U.pas">
      <Form>frmCD078B9</Form>
    </DCCReference>
    <DCCReference Include="frmMultiSelectU.pas">
      <Form>frmMultiSelect</Form>
    </DCCReference>
    <None Include="prjSO62M0A.todo" />
  </ItemGroup>
</Project>