
Microsoft Visual Studio Solution File, Format Version 9.00
# Visual Studio 2005
Project("{F184B08F-C81C-45F6-A57F-5ABD9991F28F}") = "WindowsApplication5", "WindowsApplication5.vbproj", "{CCF2B9D6-7239-4745-93F3-18E23A32C54A}"
EndProject
Global
	GlobalSection(SolutionConfigurationPlatforms) = preSolution
		Debug|Any CPU = Debug|Any CPU
		Release|Any CPU = Release|Any CPU
	EndGlobalSection
	GlobalSection(ProjectConfigurationPlatforms) = postSolution
		{CCF2B9D6-7239-4745-93F3-18E23A32C54A}.Debug|Any CPU.ActiveCfg = Debug|Any CPU
		{CCF2B9D6-7239-4745-93F3-18E23A32C54A}.Debug|Any CPU.Build.0 = Debug|Any CPU
		{CCF2B9D6-7239-4745-93F3-18E23A32C54A}.Release|Any CPU.ActiveCfg = Release|Any CPU
		{CCF2B9D6-7239-4745-93F3-18E23A32C54A}.Release|Any CPU.Build.0 = Release|Any CPU
	EndGlobalSection
	GlobalSection(SolutionProperties) = preSolution
		HideSolutionNode = FALSE
	EndGlobalSection
EndGlobal
