
Microsoft Visual Studio Solution File, Format Version 11.00
# Visual Studio 2010
Project("{F184B08F-C81C-45F6-A57F-5ABD9991F28F}") = "Gateway_Setting", "Gateway_Setting\Gateway_Setting.vbproj", "{57A7ED1A-564B-4A8A-B553-22E0DC414ABF}"
EndProject
Project("{F184B08F-C81C-45F6-A57F-5ABD9991F28F}") = "CableSoft.CAS.Encry", "..\Cas\CableSoft.CAS.Encry\CableSoft.CAS.Encry\CableSoft.CAS.Encry.vbproj", "{09D9F83C-B5EA-4253-AE31-3BA6BE8824FA}"
EndProject
Project("{F184B08F-C81C-45F6-A57F-5ABD9991F28F}") = "CableSoft.CAS.XMLFileIO", "..\Cas\CableSoft.CAS.XMLFileIO\CableSoft.CAS.XMLFileIO.vbproj", "{3601D83C-8B2D-4FF2-B3AD-80D0B61C3A0F}"
EndProject
Global
	GlobalSection(SolutionConfigurationPlatforms) = preSolution
		Debug|Any CPU = Debug|Any CPU
		Debug|Mixed Platforms = Debug|Mixed Platforms
		Debug|x86 = Debug|x86
		Release|Any CPU = Release|Any CPU
		Release|Mixed Platforms = Release|Mixed Platforms
		Release|x86 = Release|x86
	EndGlobalSection
	GlobalSection(ProjectConfigurationPlatforms) = postSolution
		{57A7ED1A-564B-4A8A-B553-22E0DC414ABF}.Debug|Any CPU.ActiveCfg = Debug|x86
		{57A7ED1A-564B-4A8A-B553-22E0DC414ABF}.Debug|Mixed Platforms.ActiveCfg = Debug|x86
		{57A7ED1A-564B-4A8A-B553-22E0DC414ABF}.Debug|Mixed Platforms.Build.0 = Debug|x86
		{57A7ED1A-564B-4A8A-B553-22E0DC414ABF}.Debug|x86.ActiveCfg = Debug|x86
		{57A7ED1A-564B-4A8A-B553-22E0DC414ABF}.Debug|x86.Build.0 = Debug|x86
		{57A7ED1A-564B-4A8A-B553-22E0DC414ABF}.Release|Any CPU.ActiveCfg = Release|x86
		{57A7ED1A-564B-4A8A-B553-22E0DC414ABF}.Release|Mixed Platforms.ActiveCfg = Release|x86
		{57A7ED1A-564B-4A8A-B553-22E0DC414ABF}.Release|Mixed Platforms.Build.0 = Release|x86
		{57A7ED1A-564B-4A8A-B553-22E0DC414ABF}.Release|x86.ActiveCfg = Release|x86
		{57A7ED1A-564B-4A8A-B553-22E0DC414ABF}.Release|x86.Build.0 = Release|x86
		{09D9F83C-B5EA-4253-AE31-3BA6BE8824FA}.Debug|Any CPU.ActiveCfg = Debug|Any CPU
		{09D9F83C-B5EA-4253-AE31-3BA6BE8824FA}.Debug|Any CPU.Build.0 = Debug|Any CPU
		{09D9F83C-B5EA-4253-AE31-3BA6BE8824FA}.Debug|Mixed Platforms.ActiveCfg = Debug|Any CPU
		{09D9F83C-B5EA-4253-AE31-3BA6BE8824FA}.Debug|Mixed Platforms.Build.0 = Debug|Any CPU
		{09D9F83C-B5EA-4253-AE31-3BA6BE8824FA}.Debug|x86.ActiveCfg = Debug|Any CPU
		{09D9F83C-B5EA-4253-AE31-3BA6BE8824FA}.Release|Any CPU.ActiveCfg = Release|Any CPU
		{09D9F83C-B5EA-4253-AE31-3BA6BE8824FA}.Release|Any CPU.Build.0 = Release|Any CPU
		{09D9F83C-B5EA-4253-AE31-3BA6BE8824FA}.Release|Mixed Platforms.ActiveCfg = Release|Any CPU
		{09D9F83C-B5EA-4253-AE31-3BA6BE8824FA}.Release|Mixed Platforms.Build.0 = Release|Any CPU
		{09D9F83C-B5EA-4253-AE31-3BA6BE8824FA}.Release|x86.ActiveCfg = Release|Any CPU
		{3601D83C-8B2D-4FF2-B3AD-80D0B61C3A0F}.Debug|Any CPU.ActiveCfg = Debug|Any CPU
		{3601D83C-8B2D-4FF2-B3AD-80D0B61C3A0F}.Debug|Any CPU.Build.0 = Debug|Any CPU
		{3601D83C-8B2D-4FF2-B3AD-80D0B61C3A0F}.Debug|Mixed Platforms.ActiveCfg = Debug|Any CPU
		{3601D83C-8B2D-4FF2-B3AD-80D0B61C3A0F}.Debug|Mixed Platforms.Build.0 = Debug|Any CPU
		{3601D83C-8B2D-4FF2-B3AD-80D0B61C3A0F}.Debug|x86.ActiveCfg = Debug|Any CPU
		{3601D83C-8B2D-4FF2-B3AD-80D0B61C3A0F}.Release|Any CPU.ActiveCfg = Release|Any CPU
		{3601D83C-8B2D-4FF2-B3AD-80D0B61C3A0F}.Release|Any CPU.Build.0 = Release|Any CPU
		{3601D83C-8B2D-4FF2-B3AD-80D0B61C3A0F}.Release|Mixed Platforms.ActiveCfg = Release|Any CPU
		{3601D83C-8B2D-4FF2-B3AD-80D0B61C3A0F}.Release|Mixed Platforms.Build.0 = Release|Any CPU
		{3601D83C-8B2D-4FF2-B3AD-80D0B61C3A0F}.Release|x86.ActiveCfg = Release|Any CPU
	EndGlobalSection
	GlobalSection(SolutionProperties) = preSolution
		HideSolutionNode = FALSE
	EndGlobalSection
EndGlobal
