
Microsoft Visual Studio Solution File, Format Version 9.00
# Visual Studio 2005
Project("{F184B08F-C81C-45F6-A57F-5ABD9991F28F}") = "WindowsApplication1", "WindowsApplication1.vbproj", "{E4D06382-21E7-41C3-AC27-28813F0EA7DE}"
EndProject
Global
	GlobalSection(SolutionConfigurationPlatforms) = preSolution
		Debug|Any CPU = Debug|Any CPU
		Release|Any CPU = Release|Any CPU
	EndGlobalSection
	GlobalSection(ProjectConfigurationPlatforms) = postSolution
		{E4D06382-21E7-41C3-AC27-28813F0EA7DE}.Debug|Any CPU.ActiveCfg = Debug|Any CPU
		{E4D06382-21E7-41C3-AC27-28813F0EA7DE}.Debug|Any CPU.Build.0 = Debug|Any CPU
		{E4D06382-21E7-41C3-AC27-28813F0EA7DE}.Release|Any CPU.ActiveCfg = Release|Any CPU
		{E4D06382-21E7-41C3-AC27-28813F0EA7DE}.Release|Any CPU.Build.0 = Release|Any CPU
	EndGlobalSection
	GlobalSection(SolutionProperties) = preSolution
		HideSolutionNode = FALSE
	EndGlobalSection
EndGlobal
